
Microsoft Visual Studio Solution File, Format Version 12.00
# Visual Studio Version 17
VisualStudioVersion = 17.2.32317.152
MinimumVisualStudioVersion = 15.0.26124.0
Project("{9A19103F-16F7-4668-BE54-9A1E7A4F7556}") = "CasCap.Apis.Azure.Storage", "src\CasCap.Apis.Azure.Storage\CasCap.Apis.Azure.Storage.csproj", "{42B43F10-E6A0-45E9-B4F7-8FDD3DF910EE}"
EndProject
Project("{9A19103F-16F7-4668-BE54-9A1E7A4F7556}") = "CasCap.Apis.Azure.Storage.Tests", "src\CasCap.Apis.Azure.Storage.Tests\CasCap.Apis.Azure.Storage.Tests.csproj", "{E189E42B-31E1-4F25-9644-17DE8483C086}"
EndProject
Project("{9A19103F-16F7-4668-BE54-9A1E7A4F7556}") = "CasCap.Apis.Azure.AppInsights", "src\CasCap.Apis.Azure.AppInsights\CasCap.Apis.Azure.AppInsights.csproj", "{D2293EBE-69D8-4ECD-8719-D2F163E255C7}"
EndProject
Project("{9A19103F-16F7-4668-BE54-9A1E7A4F7556}") = "CasCap.Apis.Azure.CognitiveServices", "src\CasCap.Apis.Azure.CognitiveServices\CasCap.Apis.Azure.CognitiveServices.csproj", "{CBA7B754-B15B-4C96-AF3D-FCA0F2AAE572}"
EndProject
Project("{9A19103F-16F7-4668-BE54-9A1E7A4F7556}") = "CasCap.Apis.Azure.EventHub", "src\CasCap.Apis.Azure.EventHub\CasCap.Apis.Azure.EventHub.csproj", "{44A47B1F-ED5E-4588-A1D0-A387E2ABC7DC}"
EndProject
Project("{9A19103F-16F7-4668-BE54-9A1E7A4F7556}") = "CasCap.Apis.Azure.LogAnalytics", "src\CasCap.Apis.Azure.LogAnalytics\CasCap.Apis.Azure.LogAnalytics.csproj", "{0F63E16A-E8E4-470E-A810-7539249B1F2D}"
EndProject
Project("{9A19103F-16F7-4668-BE54-9A1E7A4F7556}") = "CasCap.Apis.Azure.ServiceBus", "src\CasCap.Apis.Azure.ServiceBus\CasCap.Apis.Azure.ServiceBus.csproj", "{D6709A4D-D06F-442E-AF65-7A1A28AB20E2}"
EndProject
Project("{9A19103F-16F7-4668-BE54-9A1E7A4F7556}") = "CasCap.Common.Caching", "..\CasCap.Common\src\CasCap.Common.Caching\CasCap.Common.Caching.csproj", "{0DD5F614-14EB-40DC-B0A4-E98522343D4D}"
EndProject
Project("{9A19103F-16F7-4668-BE54-9A1E7A4F7556}") = "CasCap.Common.Logging", "..\CasCap.Common\src\CasCap.Common.Logging\CasCap.Common.Logging.csproj", "{6A875338-A67E-49D7-B0AF-C4B7B72AF441}"
EndProject
Project("{9A19103F-16F7-4668-BE54-9A1E7A4F7556}") = "CasCap.Common.Testing", "..\CasCap.Common\src\CasCap.Common.Testing\CasCap.Common.Testing.csproj", "{E4A5643E-9FA7-4F25-9DD4-F67070A398A6}"
EndProject
Project("{9A19103F-16F7-4668-BE54-9A1E7A4F7556}") = "CasCap.Common.Extensions", "..\CasCap.Common\src\CasCap.Common.Extensions\CasCap.Common.Extensions.csproj", "{9CD376E8-E722-4B64-94FF-0DDAF852E170}"
EndProject
Project("{2150E333-8FDC-42A3-9474-1A3956D46DE8}") = "CasCap.Common", "CasCap.Common", "{60B87030-7AC4-4DCF-8746-32D73D0678AD}"
EndProject
Project("{9A19103F-16F7-4668-BE54-9A1E7A4F7556}") = "CasCap.Common.Threading", "..\CasCap.Common\src\CasCap.Common.Threading\CasCap.Common.Threading.csproj", "{0B6B906E-8E45-4E19-A3AA-68845FACBDC9}"
EndProject
Project("{9A19103F-16F7-4668-BE54-9A1E7A4F7556}") = "CasCap.Common.Serialisation.MessagePack", "..\CasCap.Common\src\CasCap.Common.Serialisation.MessagePack\CasCap.Common.Serialisation.MessagePack.csproj", "{EC9FDA8B-45F0-4B07-B424-DDECB4C79FBF}"
EndProject
Project("{9A19103F-16F7-4668-BE54-9A1E7A4F7556}") = "CasCap.Common.Serialisation.Json", "..\CasCap.Common\src\CasCap.Common.Serialisation.Json\CasCap.Common.Serialisation.Json.csproj", "{F9FF6AB6-0B11-4909-8DA5-AA008976E8E9}"
EndProject
Global
	GlobalSection(SolutionConfigurationPlatforms) = preSolution
		Debug|Any CPU = Debug|Any CPU
		Debug|x64 = Debug|x64
		Debug|x86 = Debug|x86
		Release|Any CPU = Release|Any CPU
		Release|x64 = Release|x64
		Release|x86 = Release|x86
	EndGlobalSection
	GlobalSection(ProjectConfigurationPlatforms) = postSolution
		{42B43F10-E6A0-45E9-B4F7-8FDD3DF910EE}.Debug|Any CPU.ActiveCfg = Debug|Any CPU
		{42B43F10-E6A0-45E9-B4F7-8FDD3DF910EE}.Debug|Any CPU.Build.0 = Debug|Any CPU
		{42B43F10-E6A0-45E9-B4F7-8FDD3DF910EE}.Debug|x64.ActiveCfg = Debug|Any CPU
		{42B43F10-E6A0-45E9-B4F7-8FDD3DF910EE}.Debug|x64.Build.0 = Debug|Any CPU
		{42B43F10-E6A0-45E9-B4F7-8FDD3DF910EE}.Debug|x86.ActiveCfg = Debug|Any CPU
		{42B43F10-E6A0-45E9-B4F7-8FDD3DF910EE}.Debug|x86.Build.0 = Debug|Any CPU
		{42B43F10-E6A0-45E9-B4F7-8FDD3DF910EE}.Release|Any CPU.ActiveCfg = Release|Any CPU
		{42B43F10-E6A0-45E9-B4F7-8FDD3DF910EE}.Release|Any CPU.Build.0 = Release|Any CPU
		{42B43F10-E6A0-45E9-B4F7-8FDD3DF910EE}.Release|x64.ActiveCfg = Release|Any CPU
		{42B43F10-E6A0-45E9-B4F7-8FDD3DF910EE}.Release|x64.Build.0 = Release|Any CPU
		{42B43F10-E6A0-45E9-B4F7-8FDD3DF910EE}.Release|x86.ActiveCfg = Release|Any CPU
		{42B43F10-E6A0-45E9-B4F7-8FDD3DF910EE}.Release|x86.Build.0 = Release|Any CPU
		{E189E42B-31E1-4F25-9644-17DE8483C086}.Debug|Any CPU.ActiveCfg = Debug|Any CPU
		{E189E42B-31E1-4F25-9644-17DE8483C086}.Debug|Any CPU.Build.0 = Debug|Any CPU
		{E189E42B-31E1-4F25-9644-17DE8483C086}.Debug|x64.ActiveCfg = Debug|Any CPU
		{E189E42B-31E1-4F25-9644-17DE8483C086}.Debug|x64.Build.0 = Debug|Any CPU
		{E189E42B-31E1-4F25-9644-17DE8483C086}.Debug|x86.ActiveCfg = Debug|Any CPU
		{E189E42B-31E1-4F25-9644-17DE8483C086}.Debug|x86.Build.0 = Debug|Any CPU
		{E189E42B-31E1-4F25-9644-17DE8483C086}.Release|Any CPU.ActiveCfg = Release|Any CPU
		{E189E42B-31E1-4F25-9644-17DE8483C086}.Release|Any CPU.Build.0 = Release|Any CPU
		{E189E42B-31E1-4F25-9644-17DE8483C086}.Release|x64.ActiveCfg = Release|Any CPU
		{E189E42B-31E1-4F25-9644-17DE8483C086}.Release|x64.Build.0 = Release|Any CPU
		{E189E42B-31E1-4F25-9644-17DE8483C086}.Release|x86.ActiveCfg = Release|Any CPU
		{E189E42B-31E1-4F25-9644-17DE8483C086}.Release|x86.Build.0 = Release|Any CPU
		{D2293EBE-69D8-4ECD-8719-D2F163E255C7}.Debug|Any CPU.ActiveCfg = Debug|Any CPU
		{D2293EBE-69D8-4ECD-8719-D2F163E255C7}.Debug|Any CPU.Build.0 = Debug|Any CPU
		{D2293EBE-69D8-4ECD-8719-D2F163E255C7}.Debug|x64.ActiveCfg = Debug|Any CPU
		{D2293EBE-69D8-4ECD-8719-D2F163E255C7}.Debug|x64.Build.0 = Debug|Any CPU
		{D2293EBE-69D8-4ECD-8719-D2F163E255C7}.Debug|x86.ActiveCfg = Debug|Any CPU
		{D2293EBE-69D8-4ECD-8719-D2F163E255C7}.Debug|x86.Build.0 = Debug|Any CPU
		{D2293EBE-69D8-4ECD-8719-D2F163E255C7}.Release|Any CPU.ActiveCfg = Release|Any CPU
		{D2293EBE-69D8-4ECD-8719-D2F163E255C7}.Release|Any CPU.Build.0 = Release|Any CPU
		{D2293EBE-69D8-4ECD-8719-D2F163E255C7}.Release|x64.ActiveCfg = Release|Any CPU
		{D2293EBE-69D8-4ECD-8719-D2F163E255C7}.Release|x64.Build.0 = Release|Any CPU
		{D2293EBE-69D8-4ECD-8719-D2F163E255C7}.Release|x86.ActiveCfg = Release|Any CPU
		{D2293EBE-69D8-4ECD-8719-D2F163E255C7}.Release|x86.Build.0 = Release|Any CPU
		{CBA7B754-B15B-4C96-AF3D-FCA0F2AAE572}.Debug|Any CPU.ActiveCfg = Debug|Any CPU
		{CBA7B754-B15B-4C96-AF3D-FCA0F2AAE572}.Debug|Any CPU.Build.0 = Debug|Any CPU
		{CBA7B754-B15B-4C96-AF3D-FCA0F2AAE572}.Debug|x64.ActiveCfg = Debug|Any CPU
		{CBA7B754-B15B-4C96-AF3D-FCA0F2AAE572}.Debug|x64.Build.0 = Debug|Any CPU
		{CBA7B754-B15B-4C96-AF3D-FCA0F2AAE572}.Debug|x86.ActiveCfg = Debug|Any CPU
		{CBA7B754-B15B-4C96-AF3D-FCA0F2AAE572}.Debug|x86.Build.0 = Debug|Any CPU
		{CBA7B754-B15B-4C96-AF3D-FCA0F2AAE572}.Release|Any CPU.ActiveCfg = Release|Any CPU
		{CBA7B754-B15B-4C96-AF3D-FCA0F2AAE572}.Release|Any CPU.Build.0 = Release|Any CPU
		{CBA7B754-B15B-4C96-AF3D-FCA0F2AAE572}.Release|x64.ActiveCfg = Release|Any CPU
		{CBA7B754-B15B-4C96-AF3D-FCA0F2AAE572}.Release|x64.Build.0 = Release|Any CPU
		{CBA7B754-B15B-4C96-AF3D-FCA0F2AAE572}.Release|x86.ActiveCfg = Release|Any CPU
		{CBA7B754-B15B-4C96-AF3D-FCA0F2AAE572}.Release|x86.Build.0 = Release|Any CPU
		{44A47B1F-ED5E-4588-A1D0-A387E2ABC7DC}.Debug|Any CPU.ActiveCfg = Debug|Any CPU
		{44A47B1F-ED5E-4588-A1D0-A387E2ABC7DC}.Debug|Any CPU.Build.0 = Debug|Any CPU
		{44A47B1F-ED5E-4588-A1D0-A387E2ABC7DC}.Debug|x64.ActiveCfg = Debug|Any CPU
		{44A47B1F-ED5E-4588-A1D0-A387E2ABC7DC}.Debug|x64.Build.0 = Debug|Any CPU
		{44A47B1F-ED5E-4588-A1D0-A387E2ABC7DC}.Debug|x86.ActiveCfg = Debug|Any CPU
		{44A47B1F-ED5E-4588-A1D0-A387E2ABC7DC}.Debug|x86.Build.0 = Debug|Any CPU
		{44A47B1F-ED5E-4588-A1D0-A387E2ABC7DC}.Release|Any CPU.ActiveCfg = Release|Any CPU
		{44A47B1F-ED5E-4588-A1D0-A387E2ABC7DC}.Release|Any CPU.Build.0 = Release|Any CPU
		{44A47B1F-ED5E-4588-A1D0-A387E2ABC7DC}.Release|x64.ActiveCfg = Release|Any CPU
		{44A47B1F-ED5E-4588-A1D0-A387E2ABC7DC}.Release|x64.Build.0 = Release|Any CPU
		{44A47B1F-ED5E-4588-A1D0-A387E2ABC7DC}.Release|x86.ActiveCfg = Release|Any CPU
		{44A47B1F-ED5E-4588-A1D0-A387E2ABC7DC}.Release|x86.Build.0 = Release|Any CPU
		{0F63E16A-E8E4-470E-A810-7539249B1F2D}.Debug|Any CPU.ActiveCfg = Debug|Any CPU
		{0F63E16A-E8E4-470E-A810-7539249B1F2D}.Debug|Any CPU.Build.0 = Debug|Any CPU
		{0F63E16A-E8E4-470E-A810-7539249B1F2D}.Debug|x64.ActiveCfg = Debug|Any CPU
		{0F63E16A-E8E4-470E-A810-7539249B1F2D}.Debug|x64.Build.0 = Debug|Any CPU
		{0F63E16A-E8E4-470E-A810-7539249B1F2D}.Debug|x86.ActiveCfg = Debug|Any CPU
		{0F63E16A-E8E4-470E-A810-7539249B1F2D}.Debug|x86.Build.0 = Debug|Any CPU
		{0F63E16A-E8E4-470E-A810-7539249B1F2D}.Release|Any CPU.ActiveCfg = Release|Any CPU
		{0F63E16A-E8E4-470E-A810-7539249B1F2D}.Release|Any CPU.Build.0 = Release|Any CPU
		{0F63E16A-E8E4-470E-A810-7539249B1F2D}.Release|x64.ActiveCfg = Release|Any CPU
		{0F63E16A-E8E4-470E-A810-7539249B1F2D}.Release|x64.Build.0 = Release|Any CPU
		{0F63E16A-E8E4-470E-A810-7539249B1F2D}.Release|x86.ActiveCfg = Release|Any CPU
		{0F63E16A-E8E4-470E-A810-7539249B1F2D}.Release|x86.Build.0 = Release|Any CPU
		{D6709A4D-D06F-442E-AF65-7A1A28AB20E2}.Debug|Any CPU.ActiveCfg = Debug|Any CPU
		{D6709A4D-D06F-442E-AF65-7A1A28AB20E2}.Debug|Any CPU.Build.0 = Debug|Any CPU
		{D6709A4D-D06F-442E-AF65-7A1A28AB20E2}.Debug|x64.ActiveCfg = Debug|Any CPU
		{D6709A4D-D06F-442E-AF65-7A1A28AB20E2}.Debug|x64.Build.0 = Debug|Any CPU
		{D6709A4D-D06F-442E-AF65-7A1A28AB20E2}.Debug|x86.ActiveCfg = Debug|Any CPU
		{D6709A4D-D06F-442E-AF65-7A1A28AB20E2}.Debug|x86.Build.0 = Debug|Any CPU
		{D6709A4D-D06F-442E-AF65-7A1A28AB20E2}.Release|Any CPU.ActiveCfg = Release|Any CPU
		{D6709A4D-D06F-442E-AF65-7A1A28AB20E2}.Release|Any CPU.Build.0 = Release|Any CPU
		{D6709A4D-D06F-442E-AF65-7A1A28AB20E2}.Release|x64.ActiveCfg = Release|Any CPU
		{D6709A4D-D06F-442E-AF65-7A1A28AB20E2}.Release|x64.Build.0 = Release|Any CPU
		{D6709A4D-D06F-442E-AF65-7A1A28AB20E2}.Release|x86.ActiveCfg = Release|Any CPU
		{D6709A4D-D06F-442E-AF65-7A1A28AB20E2}.Release|x86.Build.0 = Release|Any CPU
		{0DD5F614-14EB-40DC-B0A4-E98522343D4D}.Debug|Any CPU.ActiveCfg = Debug|Any CPU
		{0DD5F614-14EB-40DC-B0A4-E98522343D4D}.Debug|Any CPU.Build.0 = Debug|Any CPU
		{0DD5F614-14EB-40DC-B0A4-E98522343D4D}.Debug|x64.ActiveCfg = Debug|Any CPU
		{0DD5F614-14EB-40DC-B0A4-E98522343D4D}.Debug|x64.Build.0 = Debug|Any CPU
		{0DD5F614-14EB-40DC-B0A4-E98522343D4D}.Debug|x86.ActiveCfg = Debug|Any CPU
		{0DD5F614-14EB-40DC-B0A4-E98522343D4D}.Debug|x86.Build.0 = Debug|Any CPU
		{0DD5F614-14EB-40DC-B0A4-E98522343D4D}.Release|Any CPU.ActiveCfg = Release|Any CPU
		{0DD5F614-14EB-40DC-B0A4-E98522343D4D}.Release|Any CPU.Build.0 = Release|Any CPU
		{0DD5F614-14EB-40DC-B0A4-E98522343D4D}.Release|x64.ActiveCfg = Release|Any CPU
		{0DD5F614-14EB-40DC-B0A4-E98522343D4D}.Release|x64.Build.0 = Release|Any CPU
		{0DD5F614-14EB-40DC-B0A4-E98522343D4D}.Release|x86.ActiveCfg = Release|Any CPU
		{0DD5F614-14EB-40DC-B0A4-E98522343D4D}.Release|x86.Build.0 = Release|Any CPU
		{6A875338-A67E-49D7-B0AF-C4B7B72AF441}.Debug|Any CPU.ActiveCfg = Debug|Any CPU
		{6A875338-A67E-49D7-B0AF-C4B7B72AF441}.Debug|Any CPU.Build.0 = Debug|Any CPU
		{6A875338-A67E-49D7-B0AF-C4B7B72AF441}.Debug|x64.ActiveCfg = Debug|Any CPU
		{6A875338-A67E-49D7-B0AF-C4B7B72AF441}.Debug|x64.Build.0 = Debug|Any CPU
		{6A875338-A67E-49D7-B0AF-C4B7B72AF441}.Debug|x86.ActiveCfg = Debug|Any CPU
		{6A875338-A67E-49D7-B0AF-C4B7B72AF441}.Debug|x86.Build.0 = Debug|Any CPU
		{6A875338-A67E-49D7-B0AF-C4B7B72AF441}.Release|Any CPU.ActiveCfg = Release|Any CPU
		{6A875338-A67E-49D7-B0AF-C4B7B72AF441}.Release|Any CPU.Build.0 = Release|Any CPU
		{6A875338-A67E-49D7-B0AF-C4B7B72AF441}.Release|x64.ActiveCfg = Release|Any CPU
		{6A875338-A67E-49D7-B0AF-C4B7B72AF441}.Release|x64.Build.0 = Release|Any CPU
		{6A875338-A67E-49D7-B0AF-C4B7B72AF441}.Release|x86.ActiveCfg = Release|Any CPU
		{6A875338-A67E-49D7-B0AF-C4B7B72AF441}.Release|x86.Build.0 = Release|Any CPU
		{E4A5643E-9FA7-4F25-9DD4-F67070A398A6}.Debug|Any CPU.ActiveCfg = Debug|Any CPU
		{E4A5643E-9FA7-4F25-9DD4-F67070A398A6}.Debug|Any CPU.Build.0 = Debug|Any CPU
		{E4A5643E-9FA7-4F25-9DD4-F67070A398A6}.Debug|x64.ActiveCfg = Debug|Any CPU
		{E4A5643E-9FA7-4F25-9DD4-F67070A398A6}.Debug|x64.Build.0 = Debug|Any CPU
		{E4A5643E-9FA7-4F25-9DD4-F67070A398A6}.Debug|x86.ActiveCfg = Debug|Any CPU
		{E4A5643E-9FA7-4F25-9DD4-F67070A398A6}.Debug|x86.Build.0 = Debug|Any CPU
		{E4A5643E-9FA7-4F25-9DD4-F67070A398A6}.Release|Any CPU.ActiveCfg = Release|Any CPU
		{E4A5643E-9FA7-4F25-9DD4-F67070A398A6}.Release|Any CPU.Build.0 = Release|Any CPU
		{E4A5643E-9FA7-4F25-9DD4-F67070A398A6}.Release|x64.ActiveCfg = Release|Any CPU
		{E4A5643E-9FA7-4F25-9DD4-F67070A398A6}.Release|x64.Build.0 = Release|Any CPU
		{E4A5643E-9FA7-4F25-9DD4-F67070A398A6}.Release|x86.ActiveCfg = Release|Any CPU
		{E4A5643E-9FA7-4F25-9DD4-F67070A398A6}.Release|x86.Build.0 = Release|Any CPU
		{9CD376E8-E722-4B64-94FF-0DDAF852E170}.Debug|Any CPU.ActiveCfg = Debug|Any CPU
		{9CD376E8-E722-4B64-94FF-0DDAF852E170}.Debug|Any CPU.Build.0 = Debug|Any CPU
		{9CD376E8-E722-4B64-94FF-0DDAF852E170}.Debug|x64.ActiveCfg = Debug|Any CPU
		{9CD376E8-E722-4B64-94FF-0DDAF852E170}.Debug|x64.Build.0 = Debug|Any CPU
		{9CD376E8-E722-4B64-94FF-0DDAF852E170}.Debug|x86.ActiveCfg = Debug|Any CPU
		{9CD376E8-E722-4B64-94FF-0DDAF852E170}.Debug|x86.Build.0 = Debug|Any CPU
		{9CD376E8-E722-4B64-94FF-0DDAF852E170}.Release|Any CPU.ActiveCfg = Release|Any CPU
		{9CD376E8-E722-4B64-94FF-0DDAF852E170}.Release|Any CPU.Build.0 = Release|Any CPU
		{9CD376E8-E722-4B64-94FF-0DDAF852E170}.Release|x64.ActiveCfg = Release|Any CPU
		{9CD376E8-E722-4B64-94FF-0DDAF852E170}.Release|x64.Build.0 = Release|Any CPU
		{9CD376E8-E722-4B64-94FF-0DDAF852E170}.Release|x86.ActiveCfg = Release|Any CPU
		{9CD376E8-E722-4B64-94FF-0DDAF852E170}.Release|x86.Build.0 = Release|Any CPU
		{0B6B906E-8E45-4E19-A3AA-68845FACBDC9}.Debug|Any CPU.ActiveCfg = Debug|Any CPU
		{0B6B906E-8E45-4E19-A3AA-68845FACBDC9}.Debug|Any CPU.Build.0 = Debug|Any CPU
		{0B6B906E-8E45-4E19-A3AA-68845FACBDC9}.Debug|x64.ActiveCfg = Debug|Any CPU
		{0B6B906E-8E45-4E19-A3AA-68845FACBDC9}.Debug|x64.Build.0 = Debug|Any CPU
		{0B6B906E-8E45-4E19-A3AA-68845FACBDC9}.Debug|x86.ActiveCfg = Debug|Any CPU
		{0B6B906E-8E45-4E19-A3AA-68845FACBDC9}.Debug|x86.Build.0 = Debug|Any CPU
		{0B6B906E-8E45-4E19-A3AA-68845FACBDC9}.Release|Any CPU.ActiveCfg = Release|Any CPU
		{0B6B906E-8E45-4E19-A3AA-68845FACBDC9}.Release|Any CPU.Build.0 = Release|Any CPU
		{0B6B906E-8E45-4E19-A3AA-68845FACBDC9}.Release|x64.ActiveCfg = Release|Any CPU
		{0B6B906E-8E45-4E19-A3AA-68845FACBDC9}.Release|x64.Build.0 = Release|Any CPU
		{0B6B906E-8E45-4E19-A3AA-68845FACBDC9}.Release|x86.ActiveCfg = Release|Any CPU
		{0B6B906E-8E45-4E19-A3AA-68845FACBDC9}.Release|x86.Build.0 = Release|Any CPU
		{EC9FDA8B-45F0-4B07-B424-DDECB4C79FBF}.Debug|Any CPU.ActiveCfg = Debug|Any CPU
		{EC9FDA8B-45F0-4B07-B424-DDECB4C79FBF}.Debug|Any CPU.Build.0 = Debug|Any CPU
		{EC9FDA8B-45F0-4B07-B424-DDECB4C79FBF}.Debug|x64.ActiveCfg = Debug|Any CPU
		{EC9FDA8B-45F0-4B07-B424-DDECB4C79FBF}.Debug|x64.Build.0 = Debug|Any CPU
		{EC9FDA8B-45F0-4B07-B424-DDECB4C79FBF}.Debug|x86.ActiveCfg = Debug|Any CPU
		{EC9FDA8B-45F0-4B07-B424-DDECB4C79FBF}.Debug|x86.Build.0 = Debug|Any CPU
		{EC9FDA8B-45F0-4B07-B424-DDECB4C79FBF}.Release|Any CPU.ActiveCfg = Release|Any CPU
		{EC9FDA8B-45F0-4B07-B424-DDECB4C79FBF}.Release|Any CPU.Build.0 = Release|Any CPU
		{EC9FDA8B-45F0-4B07-B424-DDECB4C79FBF}.Release|x64.ActiveCfg = Release|Any CPU
		{EC9FDA8B-45F0-4B07-B424-DDECB4C79FBF}.Release|x64.Build.0 = Release|Any CPU
		{EC9FDA8B-45F0-4B07-B424-DDECB4C79FBF}.Release|x86.ActiveCfg = Release|Any CPU
		{EC9FDA8B-45F0-4B07-B424-DDECB4C79FBF}.Release|x86.Build.0 = Release|Any CPU
		{F9FF6AB6-0B11-4909-8DA5-AA008976E8E9}.Debug|Any CPU.ActiveCfg = Debug|Any CPU
		{F9FF6AB6-0B11-4909-8DA5-AA008976E8E9}.Debug|Any CPU.Build.0 = Debug|Any CPU
		{F9FF6AB6-0B11-4909-8DA5-AA008976E8E9}.Debug|x64.ActiveCfg = Debug|Any CPU
		{F9FF6AB6-0B11-4909-8DA5-AA008976E8E9}.Debug|x64.Build.0 = Debug|Any CPU
		{F9FF6AB6-0B11-4909-8DA5-AA008976E8E9}.Debug|x86.ActiveCfg = Debug|Any CPU
		{F9FF6AB6-0B11-4909-8DA5-AA008976E8E9}.Debug|x86.Build.0 = Debug|Any CPU
		{F9FF6AB6-0B11-4909-8DA5-AA008976E8E9}.Release|Any CPU.ActiveCfg = Release|Any CPU
		{F9FF6AB6-0B11-4909-8DA5-AA008976E8E9}.Release|Any CPU.Build.0 = Release|Any CPU
		{F9FF6AB6-0B11-4909-8DA5-AA008976E8E9}.Release|x64.ActiveCfg = Release|Any CPU
		{F9FF6AB6-0B11-4909-8DA5-AA008976E8E9}.Release|x64.Build.0 = Release|Any CPU
		{F9FF6AB6-0B11-4909-8DA5-AA008976E8E9}.Release|x86.ActiveCfg = Release|Any CPU
		{F9FF6AB6-0B11-4909-8DA5-AA008976E8E9}.Release|x86.Build.0 = Release|Any CPU
	EndGlobalSection
	GlobalSection(SolutionProperties) = preSolution
		HideSolutionNode = FALSE
	EndGlobalSection
	GlobalSection(NestedProjects) = preSolution
		{0DD5F614-14EB-40DC-B0A4-E98522343D4D} = {60B87030-7AC4-4DCF-8746-32D73D0678AD}
		{6A875338-A67E-49D7-B0AF-C4B7B72AF441} = {60B87030-7AC4-4DCF-8746-32D73D0678AD}
		{E4A5643E-9FA7-4F25-9DD4-F67070A398A6} = {60B87030-7AC4-4DCF-8746-32D73D0678AD}
		{9CD376E8-E722-4B64-94FF-0DDAF852E170} = {60B87030-7AC4-4DCF-8746-32D73D0678AD}
		{0B6B906E-8E45-4E19-A3AA-68845FACBDC9} = {60B87030-7AC4-4DCF-8746-32D73D0678AD}
		{EC9FDA8B-45F0-4B07-B424-DDECB4C79FBF} = {60B87030-7AC4-4DCF-8746-32D73D0678AD}
		{F9FF6AB6-0B11-4909-8DA5-AA008976E8E9} = {60B87030-7AC4-4DCF-8746-32D73D0678AD}
	EndGlobalSection
	GlobalSection(ExtensibilityGlobals) = postSolution
		SolutionGuid = {1FEBE003-98C3-46C0-9C87-DDD66DF82E92}
	EndGlobalSection
EndGlobal
